
Microsoft Visual Studio Solution File, Format Version 12.00
# Visual Studio 15
VisualStudioVersion = 15.0.26730.12
MinimumVisualStudioVersion = 10.0.40219.1
Project("{FAE04EC0-301F-11D3-BF4B-00C04F79EFBC}") = "MovieStreaming", "MovieStreaming\MovieStreaming.csproj", "{14350754-AFA7-412E-A107-8F656CC6DFE2}"
EndProject
Global
	GlobalSection(SolutionConfigurationPlatforms) = preSolution
		Debug|Any CPU = Debug|Any CPU
		Release|Any CPU = Release|Any CPU
	EndGlobalSection
	GlobalSection(ProjectConfigurationPlatforms) = postSolution
		{14350754-AFA7-412E-A107-8F656CC6DFE2}.Debug|Any CPU.ActiveCfg = Debug|Any CPU
		{14350754-AFA7-412E-A107-8F656CC6DFE2}.Debug|Any CPU.Build.0 = Debug|Any CPU
		{14350754-AFA7-412E-A107-8F656CC6DFE2}.Release|Any CPU.ActiveCfg = Release|Any CPU
		{14350754-AFA7-412E-A107-8F656CC6DFE2}.Release|Any CPU.Build.0 = Release|Any CPU
	EndGlobalSection
	GlobalSection(SolutionProperties) = preSolution
		HideSolutionNode = FALSE
	EndGlobalSection
	GlobalSection(ExtensibilityGlobals) = postSolution
		SolutionGuid = {C52512E5-EAF5-491B-A29B-AEC313FBF2C4}
	EndGlobalSection
EndGlobal
